
Microsoft Visual Studio Solution File, Format Version 12.00
# Visual Studio Version 16
VisualStudioVersion = 16.0.31424.327
MinimumVisualStudioVersion = 10.0.40219.1
Project("{FAE04EC0-301F-11D3-BF4B-00C04F79EFBC}") = "Client", "Client\Client.csproj", "{DDB35534-85F1-4272-AD4F-89929923B944}"
EndProject
Project("{9A19103F-16F7-4668-BE54-9A1E7A4F7556}") = "ServerCore", "ServerCore\ServerCore.csproj", "{9FEA0D2C-0459-426B-AA85-68D776362E19}"
EndProject
Project("{9A19103F-16F7-4668-BE54-9A1E7A4F7556}") = "GameServer", "GameServer\GameServer.csproj", "{EB820D61-C1EB-46FF-9E93-F302E7524511}"
EndProject
Global
	GlobalSection(SolutionConfigurationPlatforms) = preSolution
		Debug|Any CPU = Debug|Any CPU
		Debug|x64 = Debug|x64
		Debug|x86 = Debug|x86
		Release|Any CPU = Release|Any CPU
		Release|x64 = Release|x64
		Release|x86 = Release|x86
	EndGlobalSection
	GlobalSection(ProjectConfigurationPlatforms) = postSolution
		{DDB35534-85F1-4272-AD4F-89929923B944}.Debug|Any CPU.ActiveCfg = Debug|Any CPU
		{DDB35534-85F1-4272-AD4F-89929923B944}.Debug|Any CPU.Build.0 = Debug|Any CPU
		{DDB35534-85F1-4272-AD4F-89929923B944}.Debug|x64.ActiveCfg = Debug|Any CPU
		{DDB35534-85F1-4272-AD4F-89929923B944}.Debug|x64.Build.0 = Debug|Any CPU
		{DDB35534-85F1-4272-AD4F-89929923B944}.Debug|x86.ActiveCfg = Debug|Any CPU
		{DDB35534-85F1-4272-AD4F-89929923B944}.Debug|x86.Build.0 = Debug|Any CPU
		{DDB35534-85F1-4272-AD4F-89929923B944}.Release|Any CPU.ActiveCfg = Release|Any CPU
		{DDB35534-85F1-4272-AD4F-89929923B944}.Release|Any CPU.Build.0 = Release|Any CPU
		{DDB35534-85F1-4272-AD4F-89929923B944}.Release|x64.ActiveCfg = Release|Any CPU
		{DDB35534-85F1-4272-AD4F-89929923B944}.Release|x64.Build.0 = Release|Any CPU
		{DDB35534-85F1-4272-AD4F-89929923B944}.Release|x86.ActiveCfg = Release|Any CPU
		{DDB35534-85F1-4272-AD4F-89929923B944}.Release|x86.Build.0 = Release|Any CPU
		{9FEA0D2C-0459-426B-AA85-68D776362E19}.Debug|Any CPU.ActiveCfg = Debug|Any CPU
		{9FEA0D2C-0459-426B-AA85-68D776362E19}.Debug|Any CPU.Build.0 = Debug|Any CPU
		{9FEA0D2C-0459-426B-AA85-68D776362E19}.Debug|x64.ActiveCfg = Debug|Any CPU
		{9FEA0D2C-0459-426B-AA85-68D776362E19}.Debug|x64.Build.0 = Debug|Any CPU
		{9FEA0D2C-0459-426B-AA85-68D776362E19}.Debug|x86.ActiveCfg = Debug|Any CPU
		{9FEA0D2C-0459-426B-AA85-68D776362E19}.Debug|x86.Build.0 = Debug|Any CPU
		{9FEA0D2C-0459-426B-AA85-68D776362E19}.Release|Any CPU.ActiveCfg = Release|Any CPU
		{9FEA0D2C-0459-426B-AA85-68D776362E19}.Release|Any CPU.Build.0 = Release|Any CPU
		{9FEA0D2C-0459-426B-AA85-68D776362E19}.Release|x64.ActiveCfg = Release|Any CPU
		{9FEA0D2C-0459-426B-AA85-68D776362E19}.Release|x64.Build.0 = Release|Any CPU
		{9FEA0D2C-0459-426B-AA85-68D776362E19}.Release|x86.ActiveCfg = Release|Any CPU
		{9FEA0D2C-0459-426B-AA85-68D776362E19}.Release|x86.Build.0 = Release|Any CPU
		{EB820D61-C1EB-46FF-9E93-F302E7524511}.Debug|Any CPU.ActiveCfg = Debug|Any CPU
		{EB820D61-C1EB-46FF-9E93-F302E7524511}.Debug|Any CPU.Build.0 = Debug|Any CPU
		{EB820D61-C1EB-46FF-9E93-F302E7524511}.Debug|x64.ActiveCfg = Debug|Any CPU
		{EB820D61-C1EB-46FF-9E93-F302E7524511}.Debug|x64.Build.0 = Debug|Any CPU
		{EB820D61-C1EB-46FF-9E93-F302E7524511}.Debug|x86.ActiveCfg = Debug|Any CPU
		{EB820D61-C1EB-46FF-9E93-F302E7524511}.Debug|x86.Build.0 = Debug|Any CPU
		{EB820D61-C1EB-46FF-9E93-F302E7524511}.Release|Any CPU.ActiveCfg = Release|Any CPU
		{EB820D61-C1EB-46FF-9E93-F302E7524511}.Release|Any CPU.Build.0 = Release|Any CPU
		{EB820D61-C1EB-46FF-9E93-F302E7524511}.Release|x64.ActiveCfg = Release|Any CPU
		{EB820D61-C1EB-46FF-9E93-F302E7524511}.Release|x64.Build.0 = Release|Any CPU
		{EB820D61-C1EB-46FF-9E93-F302E7524511}.Release|x86.ActiveCfg = Release|Any CPU
		{EB820D61-C1EB-46FF-9E93-F302E7524511}.Release|x86.Build.0 = Release|Any CPU
	EndGlobalSection
	GlobalSection(SolutionProperties) = preSolution
		HideSolutionNode = FALSE
	EndGlobalSection
	GlobalSection(ExtensibilityGlobals) = postSolution
		SolutionGuid = {DC584021-3775-4C2E-8631-696B6A4928D6}
	EndGlobalSection
EndGlobal
